{
  "object": {
    "pins": [
      {
        "package": "Kingfisher",
        "repositoryURL": "https://github.com/onevcat/Kingfisher.git",
        "state": {
          "branch": null,
          "revision": "8c65ddf756c633d01d9ae01092bf72f0c66dfc60",
          "version": "7.0.0"
        }
      },
      {
        "package": "ProgressHUD",
        "repositoryURL": "https://github.com/relatedcode/ProgressHUD",
        "state": {
          "branch": null,
          "revision": "2b80c6f5a091c76a01f080545723f9b0bcf928cd",
          "version": "13.6.2"
        }
      },
      {
        "package": "SwiftKeychainWrapper",
        "repositoryURL": "https://github.com/jrendel/SwiftKeychainWrapper",
        "state": {
          "branch": "develop",
          "revision": "a3e100403a231040a55c66dd80fdadb9503abf19",
          "version": null
        }
      }
    ]
  },
  "version": 1
}
